
Microsoft Visual Studio Solution File, Format Version 12.00
# Visual Studio Version 17
VisualStudioVersion = 17.13.35931.197 d17.13
MinimumVisualStudioVersion = 10.0.40219.1
Project("{FAE04EC0-301F-11D3-BF4B-00C04F79EFBC}") = "Tuples", "Tuples.csproj", "{AEDC728F-B6AC-4F4E-A8EF-41EDBEEE2653}"
EndProject
Project("{FAE04EC0-301F-11D3-BF4B-00C04F79EFBC}") = "LinqAndTuples", "..\LinqAndTuples\LinqAndTuples.csproj", "{A0F6D569-93A4-443E-A433-1AC407D93042}"
EndProject
Global
	GlobalSection(SolutionConfigurationPlatforms) = preSolution
		Debug|Any CPU = Debug|Any CPU
		Release|Any CPU = Release|Any CPU
	EndGlobalSection
	GlobalSection(ProjectConfigurationPlatforms) = postSolution
		{AEDC728F-B6AC-4F4E-A8EF-41EDBEEE2653}.Debug|Any CPU.ActiveCfg = Debug|Any CPU
		{AEDC728F-B6AC-4F4E-A8EF-41EDBEEE2653}.Debug|Any CPU.Build.0 = Debug|Any CPU
		{AEDC728F-B6AC-4F4E-A8EF-41EDBEEE2653}.Release|Any CPU.ActiveCfg = Release|Any CPU
		{AEDC728F-B6AC-4F4E-A8EF-41EDBEEE2653}.Release|Any CPU.Build.0 = Release|Any CPU
		{A0F6D569-93A4-443E-A433-1AC407D93042}.Debug|Any CPU.ActiveCfg = Debug|Any CPU
		{A0F6D569-93A4-443E-A433-1AC407D93042}.Debug|Any CPU.Build.0 = Debug|Any CPU
		{A0F6D569-93A4-443E-A433-1AC407D93042}.Release|Any CPU.ActiveCfg = Release|Any CPU
		{A0F6D569-93A4-443E-A433-1AC407D93042}.Release|Any CPU.Build.0 = Release|Any CPU
	EndGlobalSection
	GlobalSection(SolutionProperties) = preSolution
		HideSolutionNode = FALSE
	EndGlobalSection
	GlobalSection(ExtensibilityGlobals) = postSolution
		SolutionGuid = {CBE817F9-C816-4D69-A255-83C89EF45741}
	EndGlobalSection
EndGlobal
