
Microsoft Visual Studio Solution File, Format Version 12.00
# Visual Studio Version 17
VisualStudioVersion = 17.13.35931.197 d17.13
MinimumVisualStudioVersion = 10.0.40219.1
Project("{FAE04EC0-301F-11D3-BF4B-00C04F79EFBC}") = "OpservableCollectionIntro", "OpservableCollectionIntro.csproj", "{8C067539-0910-4827-B349-24A36F9AAEF5}"
EndProject
Global
	GlobalSection(SolutionConfigurationPlatforms) = preSolution
		Debug|Any CPU = Debug|Any CPU
		Release|Any CPU = Release|Any CPU
	EndGlobalSection
	GlobalSection(ProjectConfigurationPlatforms) = postSolution
		{8C067539-0910-4827-B349-24A36F9AAEF5}.Debug|Any CPU.ActiveCfg = Debug|Any CPU
		{8C067539-0910-4827-B349-24A36F9AAEF5}.Debug|Any CPU.Build.0 = Debug|Any CPU
		{8C067539-0910-4827-B349-24A36F9AAEF5}.Release|Any CPU.ActiveCfg = Release|Any CPU
		{8C067539-0910-4827-B349-24A36F9AAEF5}.Release|Any CPU.Build.0 = Release|Any CPU
	EndGlobalSection
	GlobalSection(SolutionProperties) = preSolution
		HideSolutionNode = FALSE
	EndGlobalSection
	GlobalSection(ExtensibilityGlobals) = postSolution
		SolutionGuid = {4E8562BE-C865-43CE-A8F5-D545F26C2979}
	EndGlobalSection
EndGlobal
